
Microsoft Visual Studio Solution File, Format Version 12.00
# Visual Studio Version 16
VisualStudioVersion = 16.0.33214.272
MinimumVisualStudioVersion = 10.0.40219.1
Project("{888888A0-9F3D-457C-B088-3A5042F75D52}") = "LearnPython", "PythonApplication1\LearnPython.pyproj", "{70825FBC-A26E-4CB1-A31F-D7ABE5DCFDCA}"
EndProject
Global
	GlobalSection(SolutionConfigurationPlatforms) = preSolution
		Debug|Any CPU = Debug|Any CPU
		Release|Any CPU = Release|Any CPU
	EndGlobalSection
	GlobalSection(ProjectConfigurationPlatforms) = postSolution
		{70825FBC-A26E-4CB1-A31F-D7ABE5DCFDCA}.Debug|Any CPU.ActiveCfg = Debug|Any CPU
		{70825FBC-A26E-4CB1-A31F-D7ABE5DCFDCA}.Release|Any CPU.ActiveCfg = Release|Any CPU
	EndGlobalSection
	GlobalSection(SolutionProperties) = preSolution
		HideSolutionNode = FALSE
	EndGlobalSection
	GlobalSection(ExtensibilityGlobals) = postSolution
		SolutionGuid = {D934F4AC-345F-4760-A3CA-9BECA9F73F11}
	EndGlobalSection
EndGlobal
